
Microsoft Visual Studio Solution File, Format Version 12.00
# Visual Studio Version 17
VisualStudioVersion = 17.5.33424.131
MinimumVisualStudioVersion = 10.0.40219.1
Project("{FAE04EC0-301F-11D3-BF4B-00C04F79EFBC}") = "Braaten_CourseProject_Part2", "Braaten_CourseProject_Part2.csproj", "{848AB32E-C187-4081-BF7F-F7D1B70DD5A2}"
EndProject
Global
	GlobalSection(SolutionConfigurationPlatforms) = preSolution
		Debug|Any CPU = Debug|Any CPU
		Release|Any CPU = Release|Any CPU
	EndGlobalSection
	GlobalSection(ProjectConfigurationPlatforms) = postSolution
		{848AB32E-C187-4081-BF7F-F7D1B70DD5A2}.Debug|Any CPU.ActiveCfg = Debug|Any CPU
		{848AB32E-C187-4081-BF7F-F7D1B70DD5A2}.Debug|Any CPU.Build.0 = Debug|Any CPU
		{848AB32E-C187-4081-BF7F-F7D1B70DD5A2}.Release|Any CPU.ActiveCfg = Release|Any CPU
		{848AB32E-C187-4081-BF7F-F7D1B70DD5A2}.Release|Any CPU.Build.0 = Release|Any CPU
	EndGlobalSection
	GlobalSection(SolutionProperties) = preSolution
		HideSolutionNode = FALSE
	EndGlobalSection
	GlobalSection(ExtensibilityGlobals) = postSolution
		SolutionGuid = {4DE3E141-28A0-4CA2-94ED-99E0EF776FF3}
	EndGlobalSection
EndGlobal
